// !$*UTF8*$!
{
	archiveVersion = 1;
	classes = {
	};
	objectVersion = 50;
	objects = {

/* Begin PBXBuildFile section */
		5D460294209B8D1B00366879 /* Alamofire.framework in Frameworks */ = {isa = PBXBuildFile; fileRef = 5D460293209B8D1B00366879 /* Alamofire.framework */; };
		5D460296209B8D2F00366879 /* Result.framework in Frameworks */ = {isa = PBXBuildFile; fileRef = 5D460295209B8D2F00366879 /* Result.framework */; };
		5D46029A209B9B7800366879 /* APIResources.swift in Sources */ = {isa = PBXBuildFile; fileRef = 5D460299209B9B7800366879 /* APIResources.swift */; };
		5D46029C209B9B8400366879 /* Strings.swift in Sources */ = {isa = PBXBuildFile; fileRef = 5D46029B209B9B8400366879 /* Strings.swift */; };
		5D46029E209B9B9600366879 /* Assets.swift in Sources */ = {isa = PBXBuildFile; fileRef = 5D46029D209B9B9600366879 /* Assets.swift */; };
		5D4602A2209BA16400366879 /* EokoeTestAPI.swift in Sources */ = {isa = PBXBuildFile; fileRef = 5D4602A1209BA16400366879 /* EokoeTestAPI.swift */; };
		5D4602A5209BA8A500366879 /* Logger.swift in Sources */ = {isa = PBXBuildFile; fileRef = 5D4602A4209BA8A500366879 /* Logger.swift */; };
		5D4602A7209BC74400366879 /* JSON.swift in Sources */ = {isa = PBXBuildFile; fileRef = 5D4602A6209BC74400366879 /* JSON.swift */; };
		5D4602AA209BC87E00366879 /* ErrorLogStrings.swift in Sources */ = {isa = PBXBuildFile; fileRef = 5D4602A9209BC87E00366879 /* ErrorLogStrings.swift */; };
		5DB65DD3209B850700B728B2 /* Moya.framework in Frameworks */ = {isa = PBXBuildFile; fileRef = 5DB65DD2209B850700B728B2 /* Moya.framework */; };
		5DB65DD4209B857200B728B2 /* Moya.framework in Frameworks */ = {isa = PBXBuildFile; fileRef = 5DB65DD2209B850700B728B2 /* Moya.framework */; };
		5DB65DD5209B857600B728B2 /* Moya.framework in Frameworks */ = {isa = PBXBuildFile; fileRef = 5DB65DD2209B850700B728B2 /* Moya.framework */; };
		E43A433620993684003EF7B7 /* AppDelegate.swift in Sources */ = {isa = PBXBuildFile; fileRef = E43A433520993684003EF7B7 /* AppDelegate.swift */; };
		E43A433E20993684003EF7B7 /* EoKoe.xcdatamodeld in Sources */ = {isa = PBXBuildFile; fileRef = E43A433C20993684003EF7B7 /* EoKoe.xcdatamodeld */; };
		E43A434020993687003EF7B7 /* Assets.xcassets in Resources */ = {isa = PBXBuildFile; fileRef = E43A433F20993687003EF7B7 /* Assets.xcassets */; };
		E43A434320993687003EF7B7 /* LaunchScreen.storyboard in Resources */ = {isa = PBXBuildFile; fileRef = E43A434120993687003EF7B7 /* LaunchScreen.storyboard */; };
		E43A434E20993688003EF7B7 /* EoKoeTests.swift in Sources */ = {isa = PBXBuildFile; fileRef = E43A434D20993688003EF7B7 /* EoKoeTests.swift */; };
		E43A435920993688003EF7B7 /* EoKoeUITests.swift in Sources */ = {isa = PBXBuildFile; fileRef = E43A435820993688003EF7B7 /* EoKoeUITests.swift */; };
		E43A436A2099973C003EF7B7 /* ViewControllerCreatable.swift in Sources */ = {isa = PBXBuildFile; fileRef = E43A43692099973C003EF7B7 /* ViewControllerCreatable.swift */; };
		E43A436C20999765003EF7B7 /* ViewCreatable.swift in Sources */ = {isa = PBXBuildFile; fileRef = E43A436B20999765003EF7B7 /* ViewCreatable.swift */; };
		E43A436E20999B1D003EF7B7 /* ViewControllerReusable.swift in Sources */ = {isa = PBXBuildFile; fileRef = E43A436D20999B1D003EF7B7 /* ViewControllerReusable.swift */; };
		E43A43752099A12C003EF7B7 /* Nimble.framework in Frameworks */ = {isa = PBXBuildFile; fileRef = E43A43742099A12C003EF7B7 /* Nimble.framework */; };
		E43A43772099A130003EF7B7 /* Quick.framework in Frameworks */ = {isa = PBXBuildFile; fileRef = E43A43762099A130003EF7B7 /* Quick.framework */; };
		E43A43782099A13A003EF7B7 /* Nimble.framework in Frameworks */ = {isa = PBXBuildFile; fileRef = E43A43742099A12C003EF7B7 /* Nimble.framework */; };
		E43A43792099A13A003EF7B7 /* Quick.framework in Frameworks */ = {isa = PBXBuildFile; fileRef = E43A43762099A130003EF7B7 /* Quick.framework */; };
		E43A437D2099A9BE003EF7B7 /* EoKoeProviderSpec.swift in Sources */ = {isa = PBXBuildFile; fileRef = E43A437C2099A9BE003EF7B7 /* EoKoeProviderSpec.swift */; };
		E4A6F2E0209C0BD000837954 /* UsersList.storyboard in Resources */ = {isa = PBXBuildFile; fileRef = E4A6F2DF209C0BD000837954 /* UsersList.storyboard */; };
		E4A6F2E2209C0DC700837954 /* UsersListController.swift in Sources */ = {isa = PBXBuildFile; fileRef = E4A6F2E1209C0DC700837954 /* UsersListController.swift */; };
		E4A6F2E4209C120E00837954 /* Storyboard.swift in Sources */ = {isa = PBXBuildFile; fileRef = E4A6F2E3209C120E00837954 /* Storyboard.swift */; };
		E4A6F2E6209C17FC00837954 /* AppColors.swift in Sources */ = {isa = PBXBuildFile; fileRef = E4A6F2E5209C17FC00837954 /* AppColors.swift */; };
		E4A6F2E8209C1CF600837954 /* UsersListInteractor.swift in Sources */ = {isa = PBXBuildFile; fileRef = E4A6F2E7209C1CF600837954 /* UsersListInteractor.swift */; };
		E4A6F2EA209C1DAE00837954 /* Notifications.swift in Sources */ = {isa = PBXBuildFile; fileRef = E4A6F2E9209C1DAE00837954 /* Notifications.swift */; };
/* End PBXBuildFile section */

/* Begin PBXContainerItemProxy section */
		E43A434A20993688003EF7B7 /* PBXContainerItemProxy */ = {
			isa = PBXContainerItemProxy;
			containerPortal = E43A432A20993684003EF7B7 /* Project object */;
			proxyType = 1;
			remoteGlobalIDString = E43A433120993684003EF7B7;
			remoteInfo = EoKoe;
		};
		E43A435520993688003EF7B7 /* PBXContainerItemProxy */ = {
			isa = PBXContainerItemProxy;
			containerPortal = E43A432A20993684003EF7B7 /* Project object */;
			proxyType = 1;
			remoteGlobalIDString = E43A433120993684003EF7B7;
			remoteInfo = EoKoe;
		};
/* End PBXContainerItemProxy section */

/* Begin PBXFileReference section */
		5D460293209B8D1B00366879 /* Alamofire.framework */ = {isa = PBXFileReference; lastKnownFileType = wrapper.framework; name = Alamofire.framework; path = Carthage/Build/iOS/Alamofire.framework; sourceTree = "<group>"; };
		5D460295209B8D2F00366879 /* Result.framework */ = {isa = PBXFileReference; lastKnownFileType = wrapper.framework; name = Result.framework; path = Carthage/Build/iOS/Result.framework; sourceTree = "<group>"; };
		5D460299209B9B7800366879 /* APIResources.swift */ = {isa = PBXFileReference; lastKnownFileType = sourcecode.swift; path = APIResources.swift; sourceTree = "<group>"; };
		5D46029B209B9B8400366879 /* Strings.swift */ = {isa = PBXFileReference; lastKnownFileType = sourcecode.swift; path = Strings.swift; sourceTree = "<group>"; };
		5D46029D209B9B9600366879 /* Assets.swift */ = {isa = PBXFileReference; lastKnownFileType = sourcecode.swift; path = Assets.swift; sourceTree = "<group>"; };
		5D4602A1209BA16400366879 /* EokoeTestAPI.swift */ = {isa = PBXFileReference; lastKnownFileType = sourcecode.swift; path = EokoeTestAPI.swift; sourceTree = "<group>"; };
		5D4602A4209BA8A500366879 /* Logger.swift */ = {isa = PBXFileReference; lastKnownFileType = sourcecode.swift; path = Logger.swift; sourceTree = "<group>"; };
		5D4602A6209BC74400366879 /* JSON.swift */ = {isa = PBXFileReference; lastKnownFileType = sourcecode.swift; path = JSON.swift; sourceTree = "<group>"; };
		5D4602A9209BC87E00366879 /* ErrorLogStrings.swift */ = {isa = PBXFileReference; lastKnownFileType = sourcecode.swift; path = ErrorLogStrings.swift; sourceTree = "<group>"; };
		5DB65DD2209B850700B728B2 /* Moya.framework */ = {isa = PBXFileReference; lastKnownFileType = wrapper.framework; name = Moya.framework; path = Carthage/Build/iOS/Moya.framework; sourceTree = "<group>"; };
		E43A433220993684003EF7B7 /* EoKoe.app */ = {isa = PBXFileReference; explicitFileType = wrapper.application; includeInIndex = 0; path = EoKoe.app; sourceTree = BUILT_PRODUCTS_DIR; };
		E43A433520993684003EF7B7 /* AppDelegate.swift */ = {isa = PBXFileReference; lastKnownFileType = sourcecode.swift; path = AppDelegate.swift; sourceTree = "<group>"; };
		E43A433D20993684003EF7B7 /* EoKoe.xcdatamodel */ = {isa = PBXFileReference; lastKnownFileType = wrapper.xcdatamodel; path = EoKoe.xcdatamodel; sourceTree = "<group>"; };
		E43A433F20993687003EF7B7 /* Assets.xcassets */ = {isa = PBXFileReference; lastKnownFileType = folder.assetcatalog; path = Assets.xcassets; sourceTree = "<group>"; };
		E43A434220993687003EF7B7 /* Base */ = {isa = PBXFileReference; lastKnownFileType = file.storyboard; name = Base; path = Base.lproj/LaunchScreen.storyboard; sourceTree = "<group>"; };
		E43A434420993687003EF7B7 /* Info.plist */ = {isa = PBXFileReference; lastKnownFileType = text.plist.xml; path = Info.plist; sourceTree = "<group>"; };
		E43A434920993688003EF7B7 /* EoKoeTests.xctest */ = {isa = PBXFileReference; explicitFileType = wrapper.cfbundle; includeInIndex = 0; path = EoKoeTests.xctest; sourceTree = BUILT_PRODUCTS_DIR; };
		E43A434D20993688003EF7B7 /* EoKoeTests.swift */ = {isa = PBXFileReference; lastKnownFileType = sourcecode.swift; path = EoKoeTests.swift; sourceTree = "<group>"; };
		E43A434F20993688003EF7B7 /* Info.plist */ = {isa = PBXFileReference; lastKnownFileType = text.plist.xml; path = Info.plist; sourceTree = "<group>"; };
		E43A435420993688003EF7B7 /* EoKoeUITests.xctest */ = {isa = PBXFileReference; explicitFileType = wrapper.cfbundle; includeInIndex = 0; path = EoKoeUITests.xctest; sourceTree = BUILT_PRODUCTS_DIR; };
		E43A435820993688003EF7B7 /* EoKoeUITests.swift */ = {isa = PBXFileReference; lastKnownFileType = sourcecode.swift; path = EoKoeUITests.swift; sourceTree = "<group>"; };
		E43A435A20993688003EF7B7 /* Info.plist */ = {isa = PBXFileReference; lastKnownFileType = text.plist.xml; path = Info.plist; sourceTree = "<group>"; };
		E43A43692099973C003EF7B7 /* ViewControllerCreatable.swift */ = {isa = PBXFileReference; lastKnownFileType = sourcecode.swift; path = ViewControllerCreatable.swift; sourceTree = "<group>"; };
		E43A436B20999765003EF7B7 /* ViewCreatable.swift */ = {isa = PBXFileReference; lastKnownFileType = sourcecode.swift; path = ViewCreatable.swift; sourceTree = "<group>"; };
		E43A436D20999B1D003EF7B7 /* ViewControllerReusable.swift */ = {isa = PBXFileReference; lastKnownFileType = sourcecode.swift; path = ViewControllerReusable.swift; sourceTree = "<group>"; };
		E43A43742099A12C003EF7B7 /* Nimble.framework */ = {isa = PBXFileReference; lastKnownFileType = wrapper.framework; name = Nimble.framework; path = Carthage/Build/iOS/Nimble.framework; sourceTree = "<group>"; };
		E43A43762099A130003EF7B7 /* Quick.framework */ = {isa = PBXFileReference; lastKnownFileType = wrapper.framework; name = Quick.framework; path = Carthage/Build/iOS/Quick.framework; sourceTree = "<group>"; };
		E43A437C2099A9BE003EF7B7 /* EoKoeProviderSpec.swift */ = {isa = PBXFileReference; lastKnownFileType = sourcecode.swift; path = EoKoeProviderSpec.swift; sourceTree = "<group>"; };
		E4A6F2DF209C0BD000837954 /* UsersList.storyboard */ = {isa = PBXFileReference; lastKnownFileType = file.storyboard; path = UsersList.storyboard; sourceTree = "<group>"; };
		E4A6F2E1209C0DC700837954 /* UsersListController.swift */ = {isa = PBXFileReference; lastKnownFileType = sourcecode.swift; path = UsersListController.swift; sourceTree = "<group>"; };
		E4A6F2E3209C120E00837954 /* Storyboard.swift */ = {isa = PBXFileReference; lastKnownFileType = sourcecode.swift; path = Storyboard.swift; sourceTree = "<group>"; };
		E4A6F2E5209C17FC00837954 /* AppColors.swift */ = {isa = PBXFileReference; lastKnownFileType = sourcecode.swift; path = AppColors.swift; sourceTree = "<group>"; };
		E4A6F2E7209C1CF600837954 /* UsersListInteractor.swift */ = {isa = PBXFileReference; lastKnownFileType = sourcecode.swift; path = UsersListInteractor.swift; sourceTree = "<group>"; };
		E4A6F2E9209C1DAE00837954 /* Notifications.swift */ = {isa = PBXFileReference; lastKnownFileType = sourcecode.swift; path = Notifications.swift; sourceTree = "<group>"; };
/* End PBXFileReference section */

/* Begin PBXFrameworksBuildPhase section */
		E43A432F20993684003EF7B7 /* Frameworks */ = {
			isa = PBXFrameworksBuildPhase;
			buildActionMask = 2147483647;
			files = (
				5DB65DD3209B850700B728B2 /* Moya.framework in Frameworks */,
				5D460294209B8D1B00366879 /* Alamofire.framework in Frameworks */,
				5D460296209B8D2F00366879 /* Result.framework in Frameworks */,
			);
			runOnlyForDeploymentPostprocessing = 0;
		};
		E43A434620993688003EF7B7 /* Frameworks */ = {
			isa = PBXFrameworksBuildPhase;
			buildActionMask = 2147483647;
			files = (
				E43A43752099A12C003EF7B7 /* Nimble.framework in Frameworks */,
				E43A43772099A130003EF7B7 /* Quick.framework in Frameworks */,
				5DB65DD4209B857200B728B2 /* Moya.framework in Frameworks */,
			);
			runOnlyForDeploymentPostprocessing = 0;
		};
		E43A435120993688003EF7B7 /* Frameworks */ = {
			isa = PBXFrameworksBuildPhase;
			buildActionMask = 2147483647;
			files = (
				E43A43782099A13A003EF7B7 /* Nimble.framework in Frameworks */,
				E43A43792099A13A003EF7B7 /* Quick.framework in Frameworks */,
				5DB65DD5209B857600B728B2 /* Moya.framework in Frameworks */,
			);
			runOnlyForDeploymentPostprocessing = 0;
		};
/* End PBXFrameworksBuildPhase section */

/* Begin PBXGroup section */
		5D460297209B935100366879 /* Resources */ = {
			isa = PBXGroup;
			children = (
				E43A433F20993687003EF7B7 /* Assets.xcassets */,
				5D460299209B9B7800366879 /* APIResources.swift */,
				5D46029B209B9B8400366879 /* Strings.swift */,
				5D4602A9209BC87E00366879 /* ErrorLogStrings.swift */,
				5D46029D209B9B9600366879 /* Assets.swift */,
			);
			path = Resources;
			sourceTree = "<group>";
		};
		5D460298209B938300366879 /* Supporting Files */ = {
			isa = PBXGroup;
			children = (
				E43A433C20993684003EF7B7 /* EoKoe.xcdatamodeld */,
				E43A434420993687003EF7B7 /* Info.plist */,
			);
			path = "Supporting Files";
			sourceTree = "<group>";
		};
		E43A432920993684003EF7B7 = {
			isa = PBXGroup;
			children = (
				E43A433420993684003EF7B7 /* EoKoe */,
				E43A434C20993688003EF7B7 /* EoKoeTests */,
				E43A435720993688003EF7B7 /* EoKoeUITests */,
				E43A433320993684003EF7B7 /* Products */,
				E43A43732099A12C003EF7B7 /* Frameworks */,
			);
			sourceTree = "<group>";
		};
		E43A433320993684003EF7B7 /* Products */ = {
			isa = PBXGroup;
			children = (
				E43A433220993684003EF7B7 /* EoKoe.app */,
				E43A434920993688003EF7B7 /* EoKoeTests.xctest */,
				E43A435420993688003EF7B7 /* EoKoeUITests.xctest */,
			);
			name = Products;
			sourceTree = "<group>";
		};
		E43A433420993684003EF7B7 /* EoKoe */ = {
			isa = PBXGroup;
			children = (
				E4A6F2DE209C0AC300837954 /* UsersList */,
				E43A436720998F68003EF7B7 /* Networking */,
				E43A4366209979A5003EF7B7 /* App */,
				5D460297209B935100366879 /* Resources */,
				E43A4368209996BA003EF7B7 /* Common */,
				5D460298209B938300366879 /* Supporting Files */,
				E43A434120993687003EF7B7 /* LaunchScreen.storyboard */,
			);
			path = EoKoe;
			sourceTree = "<group>";
		};
		E43A434C20993688003EF7B7 /* EoKoeTests */ = {
			isa = PBXGroup;
			children = (
				E43A434F20993688003EF7B7 /* Info.plist */,
				E43A434D20993688003EF7B7 /* EoKoeTests.swift */,
				E43A437C2099A9BE003EF7B7 /* EoKoeProviderSpec.swift */,
			);
			path = EoKoeTests;
			sourceTree = "<group>";
		};
		E43A435720993688003EF7B7 /* EoKoeUITests */ = {
			isa = PBXGroup;
			children = (
				E43A435820993688003EF7B7 /* EoKoeUITests.swift */,
				E43A435A20993688003EF7B7 /* Info.plist */,
			);
			path = EoKoeUITests;
			sourceTree = "<group>";
		};
		E43A4366209979A5003EF7B7 /* App */ = {
			isa = PBXGroup;
			children = (
				E43A433520993684003EF7B7 /* AppDelegate.swift */,
				E4A6F2E9209C1DAE00837954 /* Notifications.swift */,
			);
			path = App;
			sourceTree = "<group>";
		};
		E43A436720998F68003EF7B7 /* Networking */ = {
			isa = PBXGroup;
			children = (
				5D4602A1209BA16400366879 /* EokoeTestAPI.swift */,
			);
			path = Networking;
			sourceTree = "<group>";
		};
		E43A4368209996BA003EF7B7 /* Common */ = {
			isa = PBXGroup;
			children = (
				E43A436D20999B1D003EF7B7 /* ViewControllerReusable.swift */,
				E43A43692099973C003EF7B7 /* ViewControllerCreatable.swift */,
				E43A436B20999765003EF7B7 /* ViewCreatable.swift */,
				5D4602A6209BC74400366879 /* JSON.swift */,
				5D4602A4209BA8A500366879 /* Logger.swift */,
				E4A6F2E3209C120E00837954 /* Storyboard.swift */,
				E4A6F2E5209C17FC00837954 /* AppColors.swift */,
			);
			path = Common;
			sourceTree = "<group>";
		};
		E43A43732099A12C003EF7B7 /* Frameworks */ = {
			isa = PBXGroup;
			children = (
				5D460295209B8D2F00366879 /* Result.framework */,
				5D460293209B8D1B00366879 /* Alamofire.framework */,
				5DB65DD2209B850700B728B2 /* Moya.framework */,
				E43A43762099A130003EF7B7 /* Quick.framework */,
				E43A43742099A12C003EF7B7 /* Nimble.framework */,
			);
			name = Frameworks;
			sourceTree = "<group>";
		};
		E4A6F2DE209C0AC300837954 /* UsersList */ = {
			isa = PBXGroup;
			children = (
				E4A6F2DF209C0BD000837954 /* UsersList.storyboard */,
				E4A6F2E1209C0DC700837954 /* UsersListController.swift */,
				E4A6F2E7209C1CF600837954 /* UsersListInteractor.swift */,
			);
			path = UsersList;
			sourceTree = "<group>";
		};
/* End PBXGroup section */

/* Begin PBXNativeTarget section */
		E43A433120993684003EF7B7 /* EoKoe */ = {
			isa = PBXNativeTarget;
			buildConfigurationList = E43A435D20993688003EF7B7 /* Build configuration list for PBXNativeTarget "EoKoe" */;
			buildPhases = (
				E43A432E20993684003EF7B7 /* Sources */,
				E43A432F20993684003EF7B7 /* Frameworks */,
				E43A433020993684003EF7B7 /* Resources */,
				E43A436F20999FC9003EF7B7 /* Run Script Carthage */,
			);
			buildRules = (
			);
			dependencies = (
			);
			name = EoKoe;
			productName = EoKoe;
			productReference = E43A433220993684003EF7B7 /* EoKoe.app */;
			productType = "com.apple.product-type.application";
		};
		E43A434820993688003EF7B7 /* EoKoeTests */ = {
			isa = PBXNativeTarget;
			buildConfigurationList = E43A436020993688003EF7B7 /* Build configuration list for PBXNativeTarget "EoKoeTests" */;
			buildPhases = (
				E43A434520993688003EF7B7 /* Sources */,
				E43A434620993688003EF7B7 /* Frameworks */,
				E43A434720993688003EF7B7 /* Resources */,
				E43A43702099A05B003EF7B7 /* Run Script Carthage */,
			);
			buildRules = (
			);
			dependencies = (
				E43A434B20993688003EF7B7 /* PBXTargetDependency */,
			);
			name = EoKoeTests;
			productName = EoKoeTests;
			productReference = E43A434920993688003EF7B7 /* EoKoeTests.xctest */;
			productType = "com.apple.product-type.bundle.unit-test";
		};
		E43A435320993688003EF7B7 /* EoKoeUITests */ = {
			isa = PBXNativeTarget;
			buildConfigurationList = E43A436320993688003EF7B7 /* Build configuration list for PBXNativeTarget "EoKoeUITests" */;
			buildPhases = (
				E43A435020993688003EF7B7 /* Sources */,
				E43A435120993688003EF7B7 /* Frameworks */,
				E43A435220993688003EF7B7 /* Resources */,
				E43A43722099A096003EF7B7 /* Run Script Carthage */,
			);
			buildRules = (
			);
			dependencies = (
				E43A435620993688003EF7B7 /* PBXTargetDependency */,
			);
			name = EoKoeUITests;
			productName = EoKoeUITests;
			productReference = E43A435420993688003EF7B7 /* EoKoeUITests.xctest */;
			productType = "com.apple.product-type.bundle.ui-testing";
		};
/* End PBXNativeTarget section */

/* Begin PBXProject section */
		E43A432A20993684003EF7B7 /* Project object */ = {
			isa = PBXProject;
			attributes = {
				LastSwiftUpdateCheck = 0930;
				LastUpgradeCheck = 0930;
				ORGANIZATIONNAME = "Jaime Costa Marques";
				TargetAttributes = {
					E43A433120993684003EF7B7 = {
						CreatedOnToolsVersion = 9.3;
					};
					E43A434820993688003EF7B7 = {
						CreatedOnToolsVersion = 9.3;
						TestTargetID = E43A433120993684003EF7B7;
					};
					E43A435320993688003EF7B7 = {
						CreatedOnToolsVersion = 9.3;
						TestTargetID = E43A433120993684003EF7B7;
					};
				};
			};
			buildConfigurationList = E43A432D20993684003EF7B7 /* Build configuration list for PBXProject "EoKoe" */;
			compatibilityVersion = "Xcode 9.3";
			developmentRegion = en;
			hasScannedForEncodings = 0;
			knownRegions = (
				en,
				Base,
			);
			mainGroup = E43A432920993684003EF7B7;
			productRefGroup = E43A433320993684003EF7B7 /* Products */;
			projectDirPath = "";
			projectRoot = "";
			targets = (
				E43A433120993684003EF7B7 /* EoKoe */,
				E43A434820993688003EF7B7 /* EoKoeTests */,
				E43A435320993688003EF7B7 /* EoKoeUITests */,
			);
		};
/* End PBXProject section */

/* Begin PBXResourcesBuildPhase section */
		E43A433020993684003EF7B7 /* Resources */ = {
			isa = PBXResourcesBuildPhase;
			buildActionMask = 2147483647;
			files = (
				E43A434320993687003EF7B7 /* LaunchScreen.storyboard in Resources */,
				E4A6F2E0209C0BD000837954 /* UsersList.storyboard in Resources */,
				E43A434020993687003EF7B7 /* Assets.xcassets in Resources */,
			);
			runOnlyForDeploymentPostprocessing = 0;
		};
		E43A434720993688003EF7B7 /* Resources */ = {
			isa = PBXResourcesBuildPhase;
			buildActionMask = 2147483647;
			files = (
			);
			runOnlyForDeploymentPostprocessing = 0;
		};
		E43A435220993688003EF7B7 /* Resources */ = {
			isa = PBXResourcesBuildPhase;
			buildActionMask = 2147483647;
			files = (
			);
			runOnlyForDeploymentPostprocessing = 0;
		};
/* End PBXResourcesBuildPhase section */

/* Begin PBXShellScriptBuildPhase section */
		E43A436F20999FC9003EF7B7 /* Run Script Carthage */ = {
			isa = PBXShellScriptBuildPhase;
			buildActionMask = 2147483647;
			files = (
			);
			inputPaths = (
				"$(SRCROOT)/Carthage/Build/iOS/Moya.framework",
				"$(SRCROOT)/Carthage/Build/iOS/Alamofire.framework",
				"$(SRCROOT)/Carthage/Build/iOS/Result.framework",
			);
			name = "Run Script Carthage";
			outputPaths = (
			);
			runOnlyForDeploymentPostprocessing = 0;
			shellPath = /bin/sh;
			shellScript = "/usr/local/bin/carthage copy-frameworks";
		};
		E43A43702099A05B003EF7B7 /* Run Script Carthage */ = {
			isa = PBXShellScriptBuildPhase;
			buildActionMask = 2147483647;
			files = (
			);
			inputPaths = (
				"$(SRCROOT)/Carthage/Build/iOS/Quick.framework",
				"$(SRCROOT)/Carthage/Build/iOS/Nimble.framework",
				"$(SRCROOT)/Carthage/Build/iOS/Moya.framework",
			);
			name = "Run Script Carthage";
			outputPaths = (
			);
			runOnlyForDeploymentPostprocessing = 0;
			shellPath = /bin/sh;
			shellScript = "/usr/local/bin/carthage copy-frameworks";
		};
		E43A43722099A096003EF7B7 /* Run Script Carthage */ = {
			isa = PBXShellScriptBuildPhase;
			buildActionMask = 2147483647;
			files = (
			);
			inputPaths = (
				"$(SRCROOT)/Carthage/Build/iOS/Quick.framework",
				"$(SRCROOT)/Carthage/Build/iOS/Nimble.framework",
				"$(SRCROOT)/Carthage/Build/iOS/Moya.framework",
			);
			name = "Run Script Carthage";
			outputPaths = (
			);
			runOnlyForDeploymentPostprocessing = 0;
			shellPath = /bin/sh;
			shellScript = "/usr/local/bin/carthage copy-frameworks";
		};
/* End PBXShellScriptBuildPhase section */

/* Begin PBXSourcesBuildPhase section */
		E43A432E20993684003EF7B7 /* Sources */ = {
			isa = PBXSourcesBuildPhase;
			buildActionMask = 2147483647;
			files = (
				5D4602A5209BA8A500366879 /* Logger.swift in Sources */,
				E4A6F2EA209C1DAE00837954 /* Notifications.swift in Sources */,
				5D4602AA209BC87E00366879 /* ErrorLogStrings.swift in Sources */,
				5D46029A209B9B7800366879 /* APIResources.swift in Sources */,
				E4A6F2E6209C17FC00837954 /* AppColors.swift in Sources */,
				5D4602A7209BC74400366879 /* JSON.swift in Sources */,
				E43A433E20993684003EF7B7 /* EoKoe.xcdatamodeld in Sources */,
				5D46029E209B9B9600366879 /* Assets.swift in Sources */,
				5D4602A2209BA16400366879 /* EokoeTestAPI.swift in Sources */,
				E43A436A2099973C003EF7B7 /* ViewControllerCreatable.swift in Sources */,
				E43A436C20999765003EF7B7 /* ViewCreatable.swift in Sources */,
				E43A433620993684003EF7B7 /* AppDelegate.swift in Sources */,
				E4A6F2E4209C120E00837954 /* Storyboard.swift in Sources */,
				E4A6F2E2209C0DC700837954 /* UsersListController.swift in Sources */,
				E4A6F2E8209C1CF600837954 /* UsersListInteractor.swift in Sources */,
				E43A436E20999B1D003EF7B7 /* ViewControllerReusable.swift in Sources */,
				5D46029C209B9B8400366879 /* Strings.swift in Sources */,
			);
			runOnlyForDeploymentPostprocessing = 0;
		};
		E43A434520993688003EF7B7 /* Sources */ = {
			isa = PBXSourcesBuildPhase;
			buildActionMask = 2147483647;
			files = (
				E43A434E20993688003EF7B7 /* EoKoeTests.swift in Sources */,
				E43A437D2099A9BE003EF7B7 /* EoKoeProviderSpec.swift in Sources */,
			);
			runOnlyForDeploymentPostprocessing = 0;
		};
		E43A435020993688003EF7B7 /* Sources */ = {
			isa = PBXSourcesBuildPhase;
			buildActionMask = 2147483647;
			files = (
				E43A435920993688003EF7B7 /* EoKoeUITests.swift in Sources */,
			);
			runOnlyForDeploymentPostprocessing = 0;
		};
/* End PBXSourcesBuildPhase section */

/* Begin PBXTargetDependency section */
		E43A434B20993688003EF7B7 /* PBXTargetDependency */ = {
			isa = PBXTargetDependency;
			target = E43A433120993684003EF7B7 /* EoKoe */;
			targetProxy = E43A434A20993688003EF7B7 /* PBXContainerItemProxy */;
		};
		E43A435620993688003EF7B7 /* PBXTargetDependency */ = {
			isa = PBXTargetDependency;
			target = E43A433120993684003EF7B7 /* EoKoe */;
			targetProxy = E43A435520993688003EF7B7 /* PBXContainerItemProxy */;
		};
/* End PBXTargetDependency section */

/* Begin PBXVariantGroup section */
		E43A434120993687003EF7B7 /* LaunchScreen.storyboard */ = {
			isa = PBXVariantGroup;
			children = (
				E43A434220993687003EF7B7 /* Base */,
			);
			name = LaunchScreen.storyboard;
			sourceTree = "<group>";
		};
/* End PBXVariantGroup section */

/* Begin XCBuildConfiguration section */
		E43A435B20993688003EF7B7 /* Debug */ = {
			isa = XCBuildConfiguration;
			buildSettings = {
				ALWAYS_SEARCH_USER_PATHS = NO;
				CLANG_ANALYZER_NONNULL = YES;
				CLANG_ANALYZER_NUMBER_OBJECT_CONVERSION = YES_AGGRESSIVE;
				CLANG_CXX_LANGUAGE_STANDARD = "gnu++14";
				CLANG_CXX_LIBRARY = "libc++";
				CLANG_ENABLE_MODULES = YES;
				CLANG_ENABLE_OBJC_ARC = YES;
				CLANG_ENABLE_OBJC_WEAK = YES;
				CLANG_WARN_BLOCK_CAPTURE_AUTORELEASING = YES;
				CLANG_WARN_BOOL_CONVERSION = YES;
				CLANG_WARN_COMMA = YES;
				CLANG_WARN_CONSTANT_CONVERSION = YES;
				CLANG_WARN_DEPRECATED_OBJC_IMPLEMENTATIONS = YES;
				CLANG_WARN_DIRECT_OBJC_ISA_USAGE = YES_ERROR;
				CLANG_WARN_DOCUMENTATION_COMMENTS = YES;
				CLANG_WARN_EMPTY_BODY = YES;
				CLANG_WARN_ENUM_CONVERSION = YES;
				CLANG_WARN_INFINITE_RECURSION = YES;
				CLANG_WARN_INT_CONVERSION = YES;
				CLANG_WARN_NON_LITERAL_NULL_CONVERSION = YES;
				CLANG_WARN_OBJC_IMPLICIT_RETAIN_SELF = YES;
				CLANG_WARN_OBJC_LITERAL_CONVERSION = YES;
				CLANG_WARN_OBJC_ROOT_CLASS = YES_ERROR;
				CLANG_WARN_RANGE_LOOP_ANALYSIS = YES;
				CLANG_WARN_STRICT_PROTOTYPES = YES;
				CLANG_WARN_SUSPICIOUS_MOVE = YES;
				CLANG_WARN_UNGUARDED_AVAILABILITY = YES_AGGRESSIVE;
				CLANG_WARN_UNREACHABLE_CODE = YES;
				CLANG_WARN__DUPLICATE_METHOD_MATCH = YES;
				CODE_SIGN_IDENTITY = "iPhone Developer";
				COPY_PHASE_STRIP = NO;
				DEBUG_INFORMATION_FORMAT = dwarf;
				ENABLE_STRICT_OBJC_MSGSEND = YES;
				ENABLE_TESTABILITY = YES;
				GCC_C_LANGUAGE_STANDARD = gnu11;
				GCC_DYNAMIC_NO_PIC = NO;
				GCC_NO_COMMON_BLOCKS = YES;
				GCC_OPTIMIZATION_LEVEL = 0;
				GCC_PREPROCESSOR_DEFINITIONS = (
					"DEBUG=1",
					"$(inherited)",
				);
				GCC_WARN_64_TO_32_BIT_CONVERSION = YES;
				GCC_WARN_ABOUT_RETURN_TYPE = YES_ERROR;
				GCC_WARN_UNDECLARED_SELECTOR = YES;
				GCC_WARN_UNINITIALIZED_AUTOS = YES_AGGRESSIVE;
				GCC_WARN_UNUSED_FUNCTION = YES;
				GCC_WARN_UNUSED_VARIABLE = YES;
				IPHONEOS_DEPLOYMENT_TARGET = 11.3;
				MTL_ENABLE_DEBUG_INFO = YES;
				ONLY_ACTIVE_ARCH = YES;
				SDKROOT = iphoneos;
				SWIFT_ACTIVE_COMPILATION_CONDITIONS = DEBUG;
				SWIFT_OPTIMIZATION_LEVEL = "-Onone";
			};
			name = Debug;
		};
		E43A435C20993688003EF7B7 /* Release */ = {
			isa = XCBuildConfiguration;
			buildSettings = {
				ALWAYS_SEARCH_USER_PATHS = NO;
				CLANG_ANALYZER_NONNULL = YES;
				CLANG_ANALYZER_NUMBER_OBJECT_CONVERSION = YES_AGGRESSIVE;
				CLANG_CXX_LANGUAGE_STANDARD = "gnu++14";
				CLANG_CXX_LIBRARY = "libc++";
				CLANG_ENABLE_MODULES = YES;
				CLANG_ENABLE_OBJC_ARC = YES;
				CLANG_ENABLE_OBJC_WEAK = YES;
				CLANG_WARN_BLOCK_CAPTURE_AUTORELEASING = YES;
				CLANG_WARN_BOOL_CONVERSION = YES;
				CLANG_WARN_COMMA = YES;
				CLANG_WARN_CONSTANT_CONVERSION = YES;
				CLANG_WARN_DEPRECATED_OBJC_IMPLEMENTATIONS = YES;
				CLANG_WARN_DIRECT_OBJC_ISA_USAGE = YES_ERROR;
				CLANG_WARN_DOCUMENTATION_COMMENTS = YES;
				CLANG_WARN_EMPTY_BODY = YES;
				CLANG_WARN_ENUM_CONVERSION = YES;
				CLANG_WARN_INFINITE_RECURSION = YES;
				CLANG_WARN_INT_CONVERSION = YES;
				CLANG_WARN_NON_LITERAL_NULL_CONVERSION = YES;
				CLANG_WARN_OBJC_IMPLICIT_RETAIN_SELF = YES;
				CLANG_WARN_OBJC_LITERAL_CONVERSION = YES;
				CLANG_WARN_OBJC_ROOT_CLASS = YES_ERROR;
				CLANG_WARN_RANGE_LOOP_ANALYSIS = YES;
				CLANG_WARN_STRICT_PROTOTYPES = YES;
				CLANG_WARN_SUSPICIOUS_MOVE = YES;
				CLANG_WARN_UNGUARDED_AVAILABILITY = YES_AGGRESSIVE;
				CLANG_WARN_UNREACHABLE_CODE = YES;
				CLANG_WARN__DUPLICATE_METHOD_MATCH = YES;
				CODE_SIGN_IDENTITY = "iPhone Developer";
				COPY_PHASE_STRIP = NO;
				DEBUG_INFORMATION_FORMAT = "dwarf-with-dsym";
				ENABLE_NS_ASSERTIONS = NO;
				ENABLE_STRICT_OBJC_MSGSEND = YES;
				GCC_C_LANGUAGE_STANDARD = gnu11;
				GCC_NO_COMMON_BLOCKS = YES;
				GCC_WARN_64_TO_32_BIT_CONVERSION = YES;
				GCC_WARN_ABOUT_RETURN_TYPE = YES_ERROR;
				GCC_WARN_UNDECLARED_SELECTOR = YES;
				GCC_WARN_UNINITIALIZED_AUTOS = YES_AGGRESSIVE;
				GCC_WARN_UNUSED_FUNCTION = YES;
				GCC_WARN_UNUSED_VARIABLE = YES;
				IPHONEOS_DEPLOYMENT_TARGET = 11.3;
				MTL_ENABLE_DEBUG_INFO = NO;
				SDKROOT = iphoneos;
				SWIFT_COMPILATION_MODE = wholemodule;
				SWIFT_OPTIMIZATION_LEVEL = "-O";
				VALIDATE_PRODUCT = YES;
			};
			name = Release;
		};
		E43A435E20993688003EF7B7 /* Debug */ = {
			isa = XCBuildConfiguration;
			buildSettings = {
				ASSETCATALOG_COMPILER_APPICON_NAME = AppIcon;
				CODE_SIGN_STYLE = Automatic;
				DEVELOPMENT_TEAM = YGLN95X86V;
				FRAMEWORK_SEARCH_PATHS = (
					"$(inherited)",
					"$(PROJECT_DIR)/Carthage/Build/iOS",
				);
				INFOPLIST_FILE = "$(SRCROOT)/EoKoe/Supporting Files/Info.plist";
				IPHONEOS_DEPLOYMENT_TARGET = 10.3;
				LD_RUNPATH_SEARCH_PATHS = (
					"$(inherited)",
					"@executable_path/Frameworks",
				);
				PRODUCT_BUNDLE_IDENTIFIER = com.jaikmec.EoKoe;
				PRODUCT_NAME = "$(TARGET_NAME)";
				SWIFT_VERSION = 4.0;
				TARGETED_DEVICE_FAMILY = 1;
			};
			name = Debug;
		};
		E43A435F20993688003EF7B7 /* Release */ = {
			isa = XCBuildConfiguration;
			buildSettings = {
				ASSETCATALOG_COMPILER_APPICON_NAME = AppIcon;
				CODE_SIGN_STYLE = Automatic;
				DEVELOPMENT_TEAM = YGLN95X86V;
				FRAMEWORK_SEARCH_PATHS = (
					"$(inherited)",
					"$(PROJECT_DIR)/Carthage/Build/iOS",
				);
				INFOPLIST_FILE = "$(SRCROOT)/EoKoe/Supporting Files/Info.plist";
				IPHONEOS_DEPLOYMENT_TARGET = 10.3;
				LD_RUNPATH_SEARCH_PATHS = (
					"$(inherited)",
					"@executable_path/Frameworks",
				);
				PRODUCT_BUNDLE_IDENTIFIER = com.jaikmec.EoKoe;
				PRODUCT_NAME = "$(TARGET_NAME)";
				SWIFT_VERSION = 4.0;
				TARGETED_DEVICE_FAMILY = 1;
			};
			name = Release;
		};
		E43A436120993688003EF7B7 /* Debug */ = {
			isa = XCBuildConfiguration;
			buildSettings = {
				ALWAYS_EMBED_SWIFT_STANDARD_LIBRARIES = YES;
				BUNDLE_LOADER = "$(TEST_HOST)";
				CODE_SIGN_STYLE = Automatic;
				DEVELOPMENT_TEAM = C937H738DS;
				FRAMEWORK_SEARCH_PATHS = (
					"$(inherited)",
					"$(PROJECT_DIR)/Carthage/Build/iOS",
				);
				INFOPLIST_FILE = EoKoeTests/Info.plist;
				LD_RUNPATH_SEARCH_PATHS = (
					"$(inherited)",
					"@executable_path/Frameworks",
					"@loader_path/Frameworks",
				);
				PRODUCT_BUNDLE_IDENTIFIER = com.jaikme.EoKoeTests;
				PRODUCT_NAME = "$(TARGET_NAME)";
				SWIFT_VERSION = 4.0;
				TARGETED_DEVICE_FAMILY = "1,2";
				TEST_HOST = "$(BUILT_PRODUCTS_DIR)/EoKoe.app/EoKoe";
			};
			name = Debug;
		};
		E43A436220993688003EF7B7 /* Release */ = {
			isa = XCBuildConfiguration;
			buildSettings = {
				ALWAYS_EMBED_SWIFT_STANDARD_LIBRARIES = YES;
				BUNDLE_LOADER = "$(TEST_HOST)";
				CODE_SIGN_STYLE = Automatic;
				DEVELOPMENT_TEAM = C937H738DS;
				FRAMEWORK_SEARCH_PATHS = (
					"$(inherited)",
					"$(PROJECT_DIR)/Carthage/Build/iOS",
				);
				INFOPLIST_FILE = EoKoeTests/Info.plist;
				LD_RUNPATH_SEARCH_PATHS = (
					"$(inherited)",
					"@executable_path/Frameworks",
					"@loader_path/Frameworks",
				);
				PRODUCT_BUNDLE_IDENTIFIER = com.jaikme.EoKoeTests;
				PRODUCT_NAME = "$(TARGET_NAME)";
				SWIFT_VERSION = 4.0;
				TARGETED_DEVICE_FAMILY = "1,2";
				TEST_HOST = "$(BUILT_PRODUCTS_DIR)/EoKoe.app/EoKoe";
			};
			name = Release;
		};
		E43A436420993688003EF7B7 /* Debug */ = {
			isa = XCBuildConfiguration;
			buildSettings = {
				ALWAYS_EMBED_SWIFT_STANDARD_LIBRARIES = YES;
				CODE_SIGN_STYLE = Automatic;
				DEVELOPMENT_TEAM = C937H738DS;
				FRAMEWORK_SEARCH_PATHS = (
					"$(inherited)",
					"$(PROJECT_DIR)/Carthage/Build/iOS",
				);
				INFOPLIST_FILE = EoKoeUITests/Info.plist;
				LD_RUNPATH_SEARCH_PATHS = (
					"$(inherited)",
					"@executable_path/Frameworks",
					"@loader_path/Frameworks",
				);
				PRODUCT_BUNDLE_IDENTIFIER = com.jaikme.EoKoeUITests;
				PRODUCT_NAME = "$(TARGET_NAME)";
				SWIFT_VERSION = 4.0;
				TARGETED_DEVICE_FAMILY = "1,2";
				TEST_TARGET_NAME = EoKoe;
			};
			name = Debug;
		};
		E43A436520993688003EF7B7 /* Release */ = {
			isa = XCBuildConfiguration;
			buildSettings = {
				ALWAYS_EMBED_SWIFT_STANDARD_LIBRARIES = YES;
				CODE_SIGN_STYLE = Automatic;
				DEVELOPMENT_TEAM = C937H738DS;
				FRAMEWORK_SEARCH_PATHS = (
					"$(inherited)",
					"$(PROJECT_DIR)/Carthage/Build/iOS",
				);
				INFOPLIST_FILE = EoKoeUITests/Info.plist;
				LD_RUNPATH_SEARCH_PATHS = (
					"$(inherited)",
					"@executable_path/Frameworks",
					"@loader_path/Frameworks",
				);
				PRODUCT_BUNDLE_IDENTIFIER = com.jaikme.EoKoeUITests;
				PRODUCT_NAME = "$(TARGET_NAME)";
				SWIFT_VERSION = 4.0;
				TARGETED_DEVICE_FAMILY = "1,2";
				TEST_TARGET_NAME = EoKoe;
			};
			name = Release;
		};
/* End XCBuildConfiguration section */

/* Begin XCConfigurationList section */
		E43A432D20993684003EF7B7 /* Build configuration list for PBXProject "EoKoe" */ = {
			isa = XCConfigurationList;
			buildConfigurations = (
				E43A435B20993688003EF7B7 /* Debug */,
				E43A435C20993688003EF7B7 /* Release */,
			);
			defaultConfigurationIsVisible = 0;
			defaultConfigurationName = Release;
		};
		E43A435D20993688003EF7B7 /* Build configuration list for PBXNativeTarget "EoKoe" */ = {
			isa = XCConfigurationList;
			buildConfigurations = (
				E43A435E20993688003EF7B7 /* Debug */,
				E43A435F20993688003EF7B7 /* Release */,
			);
			defaultConfigurationIsVisible = 0;
			defaultConfigurationName = Release;
		};
		E43A436020993688003EF7B7 /* Build configuration list for PBXNativeTarget "EoKoeTests" */ = {
			isa = XCConfigurationList;
			buildConfigurations = (
				E43A436120993688003EF7B7 /* Debug */,
				E43A436220993688003EF7B7 /* Release */,
			);
			defaultConfigurationIsVisible = 0;
			defaultConfigurationName = Release;
		};
		E43A436320993688003EF7B7 /* Build configuration list for PBXNativeTarget "EoKoeUITests" */ = {
			isa = XCConfigurationList;
			buildConfigurations = (
				E43A436420993688003EF7B7 /* Debug */,
				E43A436520993688003EF7B7 /* Release */,
			);
			defaultConfigurationIsVisible = 0;
			defaultConfigurationName = Release;
		};
/* End XCConfigurationList section */

/* Begin XCVersionGroup section */
		E43A433C20993684003EF7B7 /* EoKoe.xcdatamodeld */ = {
			isa = XCVersionGroup;
			children = (
				E43A433D20993684003EF7B7 /* EoKoe.xcdatamodel */,
			);
			currentVersion = E43A433D20993684003EF7B7 /* EoKoe.xcdatamodel */;
			path = EoKoe.xcdatamodeld;
			sourceTree = "<group>";
			versionGroupType = wrapper.xcdatamodel;
		};
/* End XCVersionGroup section */
	};
	rootObject = E43A432A20993684003EF7B7 /* Project object */;
}
